# This file was autogenerated by Stack.
# You should not edit this file by hand.
# For more information, please see the documentation at:
#   https://docs.haskellstack.org/en/stable/lock_files

packages: []
snapshots:
- completed:
    size: 517915
    url: https://raw.githubusercontent.com/commercialhaskell/stackage-snapshots/master/nightly/2022/3/24.yaml
    sha256: 54e556be7379b0cc3ba13cdfaa174a28f7220401d76063bfff71c9a22aef7d58
  original: nightly-2022-03-24
